
Microsoft Visual Studio Solution File, Format Version 12.00
Project("{FAE04EC0-301F-11D3-BF4B-00C04F79EFBC}") = "LearningCenter.API02", "LearningCenter.API02\LearningCenter.API02.csproj", "{120EB08C-B6E7-4BE1-8367-6926A159345A}"
EndProject
Global
	GlobalSection(SolutionConfigurationPlatforms) = preSolution
		Debug|Any CPU = Debug|Any CPU
		Release|Any CPU = Release|Any CPU
	EndGlobalSection
	GlobalSection(ProjectConfigurationPlatforms) = postSolution
		{120EB08C-B6E7-4BE1-8367-6926A159345A}.Debug|Any CPU.ActiveCfg = Debug|Any CPU
		{120EB08C-B6E7-4BE1-8367-6926A159345A}.Debug|Any CPU.Build.0 = Debug|Any CPU
		{120EB08C-B6E7-4BE1-8367-6926A159345A}.Release|Any CPU.ActiveCfg = Release|Any CPU
		{120EB08C-B6E7-4BE1-8367-6926A159345A}.Release|Any CPU.Build.0 = Release|Any CPU
	EndGlobalSection
EndGlobal
